// !$*UTF8*$!
{
	archiveVersion = 1;
	classes = {
	};
	objectVersion = 46;
	objects = {

/* Begin PBXBuildFile section */
		CD0EC2A21EA363BD00A2BD0A /* easylogging++.cc in Sources */ = {isa = PBXBuildFile; fileRef = CD0EC2A01EA363BD00A2BD0A /* easylogging++.cc */; };
		CD2ECEBD1EA8A05200FA5F41 /* codec.cc in Sources */ = {isa = PBXBuildFile; fileRef = CD2ECE661EA8A05200FA5F41 /* codec.cc */; };
		CD2ECEBE1EA8A05200FA5F41 /* conf.cc in Sources */ = {isa = PBXBuildFile; fileRef = CD2ECE681EA8A05200FA5F41 /* conf.cc */; };
		CD2ECEBF1EA8A05200FA5F41 /* conn.cc in Sources */ = {isa = PBXBuildFile; fileRef = CD2ECE6A1EA8A05200FA5F41 /* conn.cc */; };
		CD2ECEC01EA8A05200FA5F41 /* daemon.cc in Sources */ = {isa = PBXBuildFile; fileRef = CD2ECE6C1EA8A05200FA5F41 /* daemon.cc */; };
		CD2ECEC11EA8A05200FA5F41 /* event_base.cc in Sources */ = {isa = PBXBuildFile; fileRef = CD2ECE6E1EA8A05200FA5F41 /* event_base.cc */; };
		CD2ECEC21EA8A05200FA5F41 /* file.cc in Sources */ = {isa = PBXBuildFile; fileRef = CD2ECE701EA8A05200FA5F41 /* file.cc */; };
		CD2ECEC31EA8A05200FA5F41 /* http.cc in Sources */ = {isa = PBXBuildFile; fileRef = CD2ECE741EA8A05200FA5F41 /* http.cc */; };
		CD2ECEC41EA8A05200FA5F41 /* logging.cc in Sources */ = {isa = PBXBuildFile; fileRef = CD2ECE761EA8A05200FA5F41 /* logging.cc */; };
		CD2ECEC51EA8A05200FA5F41 /* net.cc in Sources */ = {isa = PBXBuildFile; fileRef = CD2ECE781EA8A05200FA5F41 /* net.cc */; };
		CD2ECEC61EA8A05200FA5F41 /* poller.cc in Sources */ = {isa = PBXBuildFile; fileRef = CD2ECE7A1EA8A05200FA5F41 /* poller.cc */; };
		CD2ECEC71EA8A05200FA5F41 /* port_posix.cc in Sources */ = {isa = PBXBuildFile; fileRef = CD2ECE7C1EA8A05200FA5F41 /* port_posix.cc */; };
		CD2ECEC81EA8A05200FA5F41 /* stat-svr.cc in Sources */ = {isa = PBXBuildFile; fileRef = CD2ECE7F1EA8A05200FA5F41 /* stat-svr.cc */; };
		CD2ECEC91EA8A05200FA5F41 /* threads.cc in Sources */ = {isa = PBXBuildFile; fileRef = CD2ECE821EA8A05200FA5F41 /* threads.cc */; };
		CD2ECECA1EA8A05200FA5F41 /* udp.cc in Sources */ = {isa = PBXBuildFile; fileRef = CD2ECE841EA8A05200FA5F41 /* udp.cc */; };
		CD2ECECB1EA8A05200FA5F41 /* util.cc in Sources */ = {isa = PBXBuildFile; fileRef = CD2ECE861EA8A05200FA5F41 /* util.cc */; };
		CD6812C01E082873008AA1FB /* main.cpp in Sources */ = {isa = PBXBuildFile; fileRef = CD6812BF1E082873008AA1FB /* main.cpp */; };
		CDBB3F081E7F979E00D3087A /* async.cc in Sources */ = {isa = PBXBuildFile; fileRef = CDBB3F071E7F979E00D3087A /* async.cc */; };
		CDCF640A1E379D420080C1BB /* ThreadRun.cpp in Sources */ = {isa = PBXBuildFile; fileRef = CDCF64081E379D420080C1BB /* ThreadRun.cpp */; };
/* End PBXBuildFile section */

/* Begin PBXCopyFilesBuildPhase section */
		CD6812BA1E082873008AA1FB /* CopyFiles */ = {
			isa = PBXCopyFilesBuildPhase;
			buildActionMask = 2147483647;
			dstPath = /usr/share/man/man1/;
			dstSubfolderSpec = 0;
			files = (
			);
			runOnlyForDeploymentPostprocessing = 1;
		};
/* End PBXCopyFilesBuildPhase section */

/* Begin PBXFileReference section */
		CD0EC2A01EA363BD00A2BD0A /* easylogging++.cc */ = {isa = PBXFileReference; fileEncoding = 4; lastKnownFileType = sourcecode.cpp.cpp; path = "easylogging++.cc"; sourceTree = "<group>"; };
		CD0EC2A11EA363BD00A2BD0A /* easylogging++.h */ = {isa = PBXFileReference; fileEncoding = 4; lastKnownFileType = sourcecode.c.h; path = "easylogging++.h"; sourceTree = "<group>"; };
		CD1C47751E67081100D43A41 /* TaskQueue.hpp */ = {isa = PBXFileReference; fileEncoding = 4; lastKnownFileType = sourcecode.cpp.h; path = TaskQueue.hpp; sourceTree = "<group>"; };
		CD1DED401E49E9600054485B /* func.hpp */ = {isa = PBXFileReference; fileEncoding = 4; lastKnownFileType = sourcecode.cpp.h; path = func.hpp; sourceTree = "<group>"; };
		CD2401891E951CB000430EB6 /* StrBlob.hpp */ = {isa = PBXFileReference; lastKnownFileType = sourcecode.cpp.h; path = StrBlob.hpp; sourceTree = "<group>"; };
		CD2ECE661EA8A05200FA5F41 /* codec.cc */ = {isa = PBXFileReference; fileEncoding = 4; lastKnownFileType = sourcecode.cpp.cpp; path = codec.cc; sourceTree = "<group>"; };
		CD2ECE671EA8A05200FA5F41 /* codec.h */ = {isa = PBXFileReference; fileEncoding = 4; lastKnownFileType = sourcecode.c.h; path = codec.h; sourceTree = "<group>"; };
		CD2ECE681EA8A05200FA5F41 /* conf.cc */ = {isa = PBXFileReference; fileEncoding = 4; lastKnownFileType = sourcecode.cpp.cpp; path = conf.cc; sourceTree = "<group>"; };
		CD2ECE691EA8A05200FA5F41 /* conf.h */ = {isa = PBXFileReference; fileEncoding = 4; lastKnownFileType = sourcecode.c.h; path = conf.h; sourceTree = "<group>"; };
		CD2ECE6A1EA8A05200FA5F41 /* conn.cc */ = {isa = PBXFileReference; fileEncoding = 4; lastKnownFileType = sourcecode.cpp.cpp; path = conn.cc; sourceTree = "<group>"; };
		CD2ECE6B1EA8A05200FA5F41 /* conn.h */ = {isa = PBXFileReference; fileEncoding = 4; lastKnownFileType = sourcecode.c.h; path = conn.h; sourceTree = "<group>"; };
		CD2ECE6C1EA8A05200FA5F41 /* daemon.cc */ = {isa = PBXFileReference; fileEncoding = 4; lastKnownFileType = sourcecode.cpp.cpp; path = daemon.cc; sourceTree = "<group>"; };
		CD2ECE6D1EA8A05200FA5F41 /* daemon.h */ = {isa = PBXFileReference; fileEncoding = 4; lastKnownFileType = sourcecode.c.h; path = daemon.h; sourceTree = "<group>"; };
		CD2ECE6E1EA8A05200FA5F41 /* event_base.cc */ = {isa = PBXFileReference; fileEncoding = 4; lastKnownFileType = sourcecode.cpp.cpp; path = event_base.cc; sourceTree = "<group>"; };
		CD2ECE6F1EA8A05200FA5F41 /* event_base.h */ = {isa = PBXFileReference; fileEncoding = 4; lastKnownFileType = sourcecode.c.h; path = event_base.h; sourceTree = "<group>"; };
		CD2ECE701EA8A05200FA5F41 /* file.cc */ = {isa = PBXFileReference; fileEncoding = 4; lastKnownFileType = sourcecode.cpp.cpp; path = file.cc; sourceTree = "<group>"; };
		CD2ECE711EA8A05200FA5F41 /* file.h */ = {isa = PBXFileReference; fileEncoding = 4; lastKnownFileType = sourcecode.c.h; path = file.h; sourceTree = "<group>"; };
		CD2ECE721EA8A05200FA5F41 /* handy-imp.h */ = {isa = PBXFileReference; fileEncoding = 4; lastKnownFileType = sourcecode.c.h; path = "handy-imp.h"; sourceTree = "<group>"; };
		CD2ECE731EA8A05200FA5F41 /* handy.h */ = {isa = PBXFileReference; fileEncoding = 4; lastKnownFileType = sourcecode.c.h; path = handy.h; sourceTree = "<group>"; };
		CD2ECE741EA8A05200FA5F41 /* http.cc */ = {isa = PBXFileReference; fileEncoding = 4; lastKnownFileType = sourcecode.cpp.cpp; path = http.cc; sourceTree = "<group>"; };
		CD2ECE751EA8A05200FA5F41 /* http.h */ = {isa = PBXFileReference; fileEncoding = 4; lastKnownFileType = sourcecode.c.h; path = http.h; sourceTree = "<group>"; };
		CD2ECE761EA8A05200FA5F41 /* logging.cc */ = {isa = PBXFileReference; fileEncoding = 4; lastKnownFileType = sourcecode.cpp.cpp; path = logging.cc; sourceTree = "<group>"; };
		CD2ECE771EA8A05200FA5F41 /* logging.h */ = {isa = PBXFileReference; fileEncoding = 4; lastKnownFileType = sourcecode.c.h; path = logging.h; sourceTree = "<group>"; };
		CD2ECE781EA8A05200FA5F41 /* net.cc */ = {isa = PBXFileReference; fileEncoding = 4; lastKnownFileType = sourcecode.cpp.cpp; path = net.cc; sourceTree = "<group>"; };
		CD2ECE791EA8A05200FA5F41 /* net.h */ = {isa = PBXFileReference; fileEncoding = 4; lastKnownFileType = sourcecode.c.h; path = net.h; sourceTree = "<group>"; };
		CD2ECE7A1EA8A05200FA5F41 /* poller.cc */ = {isa = PBXFileReference; fileEncoding = 4; lastKnownFileType = sourcecode.cpp.cpp; path = poller.cc; sourceTree = "<group>"; };
		CD2ECE7B1EA8A05200FA5F41 /* poller.h */ = {isa = PBXFileReference; fileEncoding = 4; lastKnownFileType = sourcecode.c.h; path = poller.h; sourceTree = "<group>"; };
		CD2ECE7C1EA8A05200FA5F41 /* port_posix.cc */ = {isa = PBXFileReference; fileEncoding = 4; lastKnownFileType = sourcecode.cpp.cpp; path = port_posix.cc; sourceTree = "<group>"; };
		CD2ECE7D1EA8A05200FA5F41 /* port_posix.h */ = {isa = PBXFileReference; fileEncoding = 4; lastKnownFileType = sourcecode.c.h; path = port_posix.h; sourceTree = "<group>"; };
		CD2ECE7E1EA8A05200FA5F41 /* slice.h */ = {isa = PBXFileReference; fileEncoding = 4; lastKnownFileType = sourcecode.c.h; path = slice.h; sourceTree = "<group>"; };
		CD2ECE7F1EA8A05200FA5F41 /* stat-svr.cc */ = {isa = PBXFileReference; fileEncoding = 4; lastKnownFileType = sourcecode.cpp.cpp; path = "stat-svr.cc"; sourceTree = "<group>"; };
		CD2ECE801EA8A05200FA5F41 /* stat-svr.h */ = {isa = PBXFileReference; fileEncoding = 4; lastKnownFileType = sourcecode.c.h; path = "stat-svr.h"; sourceTree = "<group>"; };
		CD2ECE811EA8A05200FA5F41 /* status.h */ = {isa = PBXFileReference; fileEncoding = 4; lastKnownFileType = sourcecode.c.h; path = status.h; sourceTree = "<group>"; };
		CD2ECE821EA8A05200FA5F41 /* threads.cc */ = {isa = PBXFileReference; fileEncoding = 4; lastKnownFileType = sourcecode.cpp.cpp; path = threads.cc; sourceTree = "<group>"; };
		CD2ECE831EA8A05200FA5F41 /* threads.h */ = {isa = PBXFileReference; fileEncoding = 4; lastKnownFileType = sourcecode.c.h; path = threads.h; sourceTree = "<group>"; };
		CD2ECE841EA8A05200FA5F41 /* udp.cc */ = {isa = PBXFileReference; fileEncoding = 4; lastKnownFileType = sourcecode.cpp.cpp; path = udp.cc; sourceTree = "<group>"; };
		CD2ECE851EA8A05200FA5F41 /* udp.h */ = {isa = PBXFileReference; fileEncoding = 4; lastKnownFileType = sourcecode.c.h; path = udp.h; sourceTree = "<group>"; };
		CD2ECE861EA8A05200FA5F41 /* util.cc */ = {isa = PBXFileReference; fileEncoding = 4; lastKnownFileType = sourcecode.cpp.cpp; path = util.cc; sourceTree = "<group>"; };
		CD2ECE871EA8A05200FA5F41 /* util.h */ = {isa = PBXFileReference; fileEncoding = 4; lastKnownFileType = sourcecode.c.h; path = util.h; sourceTree = "<group>"; };
		CD6812BC1E082873008AA1FB /* primer */ = {isa = PBXFileReference; explicitFileType = "compiled.mach-o.executable"; includeInIndex = 0; path = primer; sourceTree = BUILT_PRODUCTS_DIR; };
		CD6812BF1E082873008AA1FB /* main.cpp */ = {isa = PBXFileReference; lastKnownFileType = sourcecode.cpp.cpp; path = main.cpp; sourceTree = "<group>"; };
		CD9ADF4D1E51EEDD00B9D205 /* boostpra.hpp */ = {isa = PBXFileReference; fileEncoding = 4; lastKnownFileType = sourcecode.cpp.h; path = boostpra.hpp; sourceTree = "<group>"; };
		CDBB3F071E7F979E00D3087A /* async.cc */ = {isa = PBXFileReference; fileEncoding = 4; lastKnownFileType = sourcecode.cpp.cpp; path = async.cc; sourceTree = "<group>"; };
		CDC7F3BF1E9BD03A0073222F /* Binary.hpp */ = {isa = PBXFileReference; fileEncoding = 4; lastKnownFileType = sourcecode.cpp.h; path = Binary.hpp; sourceTree = "<group>"; };
		CDC7F3C21E9E737B0073222F /* templateTest.hpp */ = {isa = PBXFileReference; fileEncoding = 4; lastKnownFileType = sourcecode.cpp.h; path = templateTest.hpp; sourceTree = "<group>"; };
		CDCF64081E379D420080C1BB /* ThreadRun.cpp */ = {isa = PBXFileReference; fileEncoding = 4; lastKnownFileType = sourcecode.cpp.cpp; path = ThreadRun.cpp; sourceTree = "<group>"; };
		CDCF64091E379D420080C1BB /* ThreadRun.hpp */ = {isa = PBXFileReference; fileEncoding = 4; lastKnownFileType = sourcecode.cpp.h; path = ThreadRun.hpp; sourceTree = "<group>"; };
/* End PBXFileReference section */

/* Begin PBXFrameworksBuildPhase section */
		CD6812B91E082873008AA1FB /* Frameworks */ = {
			isa = PBXFrameworksBuildPhase;
			buildActionMask = 2147483647;
			files = (
			);
			runOnlyForDeploymentPostprocessing = 0;
		};
/* End PBXFrameworksBuildPhase section */

/* Begin PBXGroup section */
		CD0EC29D1EA362DB00A2BD0A /* toolset */ = {
			isa = PBXGroup;
			children = (
				CD2ECE461EA8A05200FA5F41 /* network */,
				CD0EC29E1EA362DB00A2BD0A /* log */,
			);
			path = toolset;
			sourceTree = "<group>";
		};
		CD0EC29E1EA362DB00A2BD0A /* log */ = {
			isa = PBXGroup;
			children = (
				CD0EC29F1EA363BD00A2BD0A /* easylog */,
			);
			path = log;
			sourceTree = "<group>";
		};
		CD0EC29F1EA363BD00A2BD0A /* easylog */ = {
			isa = PBXGroup;
			children = (
				CD0EC2A01EA363BD00A2BD0A /* easylogging++.cc */,
				CD0EC2A11EA363BD00A2BD0A /* easylogging++.h */,
			);
			path = easylog;
			sourceTree = "<group>";
		};
		CD2ECE461EA8A05200FA5F41 /* network */ = {
			isa = PBXGroup;
			children = (
				CD2ECE471EA8A05200FA5F41 /* handy-master */,
			);
			path = network;
			sourceTree = "<group>";
		};
		CD2ECE471EA8A05200FA5F41 /* handy-master */ = {
			isa = PBXGroup;
			children = (
				CD2ECE651EA8A05200FA5F41 /* handy */,
			);
			path = "handy-master";
			sourceTree = "<group>";
		};
		CD2ECE651EA8A05200FA5F41 /* handy */ = {
			isa = PBXGroup;
			children = (
				CD2ECE661EA8A05200FA5F41 /* codec.cc */,
				CD2ECE671EA8A05200FA5F41 /* codec.h */,
				CD2ECE681EA8A05200FA5F41 /* conf.cc */,
				CD2ECE691EA8A05200FA5F41 /* conf.h */,
				CD2ECE6A1EA8A05200FA5F41 /* conn.cc */,
				CD2ECE6B1EA8A05200FA5F41 /* conn.h */,
				CD2ECE6C1EA8A05200FA5F41 /* daemon.cc */,
				CD2ECE6D1EA8A05200FA5F41 /* daemon.h */,
				CD2ECE6E1EA8A05200FA5F41 /* event_base.cc */,
				CD2ECE6F1EA8A05200FA5F41 /* event_base.h */,
				CD2ECE701EA8A05200FA5F41 /* file.cc */,
				CD2ECE711EA8A05200FA5F41 /* file.h */,
				CD2ECE721EA8A05200FA5F41 /* handy-imp.h */,
				CD2ECE731EA8A05200FA5F41 /* handy.h */,
				CD2ECE741EA8A05200FA5F41 /* http.cc */,
				CD2ECE751EA8A05200FA5F41 /* http.h */,
				CD2ECE761EA8A05200FA5F41 /* logging.cc */,
				CD2ECE771EA8A05200FA5F41 /* logging.h */,
				CD2ECE781EA8A05200FA5F41 /* net.cc */,
				CD2ECE791EA8A05200FA5F41 /* net.h */,
				CD2ECE7A1EA8A05200FA5F41 /* poller.cc */,
				CD2ECE7B1EA8A05200FA5F41 /* poller.h */,
				CD2ECE7C1EA8A05200FA5F41 /* port_posix.cc */,
				CD2ECE7D1EA8A05200FA5F41 /* port_posix.h */,
				CD2ECE7E1EA8A05200FA5F41 /* slice.h */,
				CD2ECE7F1EA8A05200FA5F41 /* stat-svr.cc */,
				CD2ECE801EA8A05200FA5F41 /* stat-svr.h */,
				CD2ECE811EA8A05200FA5F41 /* status.h */,
				CD2ECE821EA8A05200FA5F41 /* threads.cc */,
				CD2ECE831EA8A05200FA5F41 /* threads.h */,
				CD2ECE841EA8A05200FA5F41 /* udp.cc */,
				CD2ECE851EA8A05200FA5F41 /* udp.h */,
				CD2ECE861EA8A05200FA5F41 /* util.cc */,
				CD2ECE871EA8A05200FA5F41 /* util.h */,
			);
			path = handy;
			sourceTree = "<group>";
		};
		CD6812B31E082873008AA1FB = {
			isa = PBXGroup;
			children = (
				CD6812BE1E082873008AA1FB /* primer */,
				CD6812BD1E082873008AA1FB /* Products */,
			);
			sourceTree = "<group>";
		};
		CD6812BD1E082873008AA1FB /* Products */ = {
			isa = PBXGroup;
			children = (
				CD6812BC1E082873008AA1FB /* primer */,
			);
			name = Products;
			sourceTree = "<group>";
		};
		CD6812BE1E082873008AA1FB /* primer */ = {
			isa = PBXGroup;
			children = (
				CD0EC29D1EA362DB00A2BD0A /* toolset */,
				CDBB3F071E7F979E00D3087A /* async.cc */,
				CD6812BF1E082873008AA1FB /* main.cpp */,
				CDCF64081E379D420080C1BB /* ThreadRun.cpp */,
				CDCF64091E379D420080C1BB /* ThreadRun.hpp */,
				CD1DED401E49E9600054485B /* func.hpp */,
				CD9ADF4D1E51EEDD00B9D205 /* boostpra.hpp */,
				CD1C47751E67081100D43A41 /* TaskQueue.hpp */,
				CD2401891E951CB000430EB6 /* StrBlob.hpp */,
				CDC7F3BF1E9BD03A0073222F /* Binary.hpp */,
				CDC7F3C21E9E737B0073222F /* templateTest.hpp */,
			);
			path = primer;
			sourceTree = "<group>";
		};
/* End PBXGroup section */

/* Begin PBXNativeTarget section */
		CD6812BB1E082873008AA1FB /* primer */ = {
			isa = PBXNativeTarget;
			buildConfigurationList = CD6812C31E082873008AA1FB /* Build configuration list for PBXNativeTarget "primer" */;
			buildPhases = (
				CD6812B81E082873008AA1FB /* Sources */,
				CD6812B91E082873008AA1FB /* Frameworks */,
				CD6812BA1E082873008AA1FB /* CopyFiles */,
			);
			buildRules = (
			);
			dependencies = (
			);
			name = primer;
			productName = primer;
			productReference = CD6812BC1E082873008AA1FB /* primer */;
			productType = "com.apple.product-type.tool";
		};
/* End PBXNativeTarget section */

/* Begin PBXProject section */
		CD6812B41E082873008AA1FB /* Project object */ = {
			isa = PBXProject;
			attributes = {
				LastUpgradeCheck = 0820;
				ORGANIZATIONNAME = liweijian;
				TargetAttributes = {
					CD6812BB1E082873008AA1FB = {
						CreatedOnToolsVersion = 8.2;
						ProvisioningStyle = Automatic;
					};
				};
			};
			buildConfigurationList = CD6812B71E082873008AA1FB /* Build configuration list for PBXProject "primer" */;
			compatibilityVersion = "Xcode 3.2";
			developmentRegion = English;
			hasScannedForEncodings = 0;
			knownRegions = (
				en,
			);
			mainGroup = CD6812B31E082873008AA1FB;
			productRefGroup = CD6812BD1E082873008AA1FB /* Products */;
			projectDirPath = "";
			projectRoot = "";
			targets = (
				CD6812BB1E082873008AA1FB /* primer */,
			);
		};
/* End PBXProject section */

/* Begin PBXSourcesBuildPhase section */
		CD6812B81E082873008AA1FB /* Sources */ = {
			isa = PBXSourcesBuildPhase;
			buildActionMask = 2147483647;
			files = (
				CD2ECEC01EA8A05200FA5F41 /* daemon.cc in Sources */,
				CD2ECEBE1EA8A05200FA5F41 /* conf.cc in Sources */,
				CD2ECEC31EA8A05200FA5F41 /* http.cc in Sources */,
				CD2ECEC11EA8A05200FA5F41 /* event_base.cc in Sources */,
				CDBB3F081E7F979E00D3087A /* async.cc in Sources */,
				CD2ECEC51EA8A05200FA5F41 /* net.cc in Sources */,
				CD6812C01E082873008AA1FB /* main.cpp in Sources */,
				CD2ECEC41EA8A05200FA5F41 /* logging.cc in Sources */,
				CDCF640A1E379D420080C1BB /* ThreadRun.cpp in Sources */,
				CD2ECEC91EA8A05200FA5F41 /* threads.cc in Sources */,
				CD0EC2A21EA363BD00A2BD0A /* easylogging++.cc in Sources */,
				CD2ECEBF1EA8A05200FA5F41 /* conn.cc in Sources */,
				CD2ECEC61EA8A05200FA5F41 /* poller.cc in Sources */,
				CD2ECEC81EA8A05200FA5F41 /* stat-svr.cc in Sources */,
				CD2ECEBD1EA8A05200FA5F41 /* codec.cc in Sources */,
				CD2ECEC71EA8A05200FA5F41 /* port_posix.cc in Sources */,
				CD2ECECB1EA8A05200FA5F41 /* util.cc in Sources */,
				CD2ECEC21EA8A05200FA5F41 /* file.cc in Sources */,
				CD2ECECA1EA8A05200FA5F41 /* udp.cc in Sources */,
			);
			runOnlyForDeploymentPostprocessing = 0;
		};
/* End PBXSourcesBuildPhase section */

/* Begin XCBuildConfiguration section */
		CD6812C11E082873008AA1FB /* Debug */ = {
			isa = XCBuildConfiguration;
			buildSettings = {
				ALWAYS_SEARCH_USER_PATHS = NO;
				CLANG_ANALYZER_NONNULL = YES;
				CLANG_CXX_LANGUAGE_STANDARD = "gnu++0x";
				CLANG_CXX_LIBRARY = "libc++";
				CLANG_ENABLE_MODULES = YES;
				CLANG_ENABLE_OBJC_ARC = YES;
				CLANG_WARN_BOOL_CONVERSION = YES;
				CLANG_WARN_CONSTANT_CONVERSION = YES;
				CLANG_WARN_DIRECT_OBJC_ISA_USAGE = YES_ERROR;
				CLANG_WARN_DOCUMENTATION_COMMENTS = YES;
				CLANG_WARN_EMPTY_BODY = YES;
				CLANG_WARN_ENUM_CONVERSION = YES;
				CLANG_WARN_INFINITE_RECURSION = YES;
				CLANG_WARN_INT_CONVERSION = YES;
				CLANG_WARN_OBJC_ROOT_CLASS = YES_ERROR;
				CLANG_WARN_SUSPICIOUS_MOVE = YES;
				CLANG_WARN_UNREACHABLE_CODE = YES;
				CLANG_WARN__DUPLICATE_METHOD_MATCH = YES;
				CODE_SIGN_IDENTITY = "-";
				COPY_PHASE_STRIP = NO;
				DEBUG_INFORMATION_FORMAT = dwarf;
				ENABLE_STRICT_OBJC_MSGSEND = YES;
				ENABLE_TESTABILITY = YES;
				GCC_C_LANGUAGE_STANDARD = gnu99;
				GCC_DYNAMIC_NO_PIC = NO;
				GCC_NO_COMMON_BLOCKS = YES;
				GCC_OPTIMIZATION_LEVEL = 0;
				GCC_PREPROCESSOR_DEFINITIONS = (
					"DEBUG=1",
					"$(inherited)",
				);
				GCC_WARN_64_TO_32_BIT_CONVERSION = YES;
				GCC_WARN_ABOUT_RETURN_TYPE = YES_ERROR;
				GCC_WARN_UNDECLARED_SELECTOR = YES;
				GCC_WARN_UNINITIALIZED_AUTOS = YES_AGGRESSIVE;
				GCC_WARN_UNUSED_FUNCTION = YES;
				GCC_WARN_UNUSED_VARIABLE = YES;
				MACOSX_DEPLOYMENT_TARGET = 10.12;
				MTL_ENABLE_DEBUG_INFO = YES;
				ONLY_ACTIVE_ARCH = YES;
				SDKROOT = macosx;
			};
			name = Debug;
		};
		CD6812C21E082873008AA1FB /* Release */ = {
			isa = XCBuildConfiguration;
			buildSettings = {
				ALWAYS_SEARCH_USER_PATHS = NO;
				CLANG_ANALYZER_NONNULL = YES;
				CLANG_CXX_LANGUAGE_STANDARD = "gnu++0x";
				CLANG_CXX_LIBRARY = "libc++";
				CLANG_ENABLE_MODULES = YES;
				CLANG_ENABLE_OBJC_ARC = YES;
				CLANG_WARN_BOOL_CONVERSION = YES;
				CLANG_WARN_CONSTANT_CONVERSION = YES;
				CLANG_WARN_DIRECT_OBJC_ISA_USAGE = YES_ERROR;
				CLANG_WARN_DOCUMENTATION_COMMENTS = YES;
				CLANG_WARN_EMPTY_BODY = YES;
				CLANG_WARN_ENUM_CONVERSION = YES;
				CLANG_WARN_INFINITE_RECURSION = YES;
				CLANG_WARN_INT_CONVERSION = YES;
				CLANG_WARN_OBJC_ROOT_CLASS = YES_ERROR;
				CLANG_WARN_SUSPICIOUS_MOVE = YES;
				CLANG_WARN_UNREACHABLE_CODE = YES;
				CLANG_WARN__DUPLICATE_METHOD_MATCH = YES;
				CODE_SIGN_IDENTITY = "-";
				COPY_PHASE_STRIP = NO;
				DEBUG_INFORMATION_FORMAT = "dwarf-with-dsym";
				ENABLE_NS_ASSERTIONS = NO;
				ENABLE_STRICT_OBJC_MSGSEND = YES;
				GCC_C_LANGUAGE_STANDARD = gnu99;
				GCC_NO_COMMON_BLOCKS = YES;
				GCC_WARN_64_TO_32_BIT_CONVERSION = YES;
				GCC_WARN_ABOUT_RETURN_TYPE = YES_ERROR;
				GCC_WARN_UNDECLARED_SELECTOR = YES;
				GCC_WARN_UNINITIALIZED_AUTOS = YES_AGGRESSIVE;
				GCC_WARN_UNUSED_FUNCTION = YES;
				GCC_WARN_UNUSED_VARIABLE = YES;
				MACOSX_DEPLOYMENT_TARGET = 10.12;
				MTL_ENABLE_DEBUG_INFO = NO;
				SDKROOT = macosx;
			};
			name = Release;
		};
		CD6812C41E082873008AA1FB /* Debug */ = {
			isa = XCBuildConfiguration;
			buildSettings = {
				ALWAYS_SEARCH_USER_PATHS = NO;
				CLANG_CXX_LANGUAGE_STANDARD = "c++14";
				CLANG_CXX_LIBRARY = "libc++";
				HEADER_SEARCH_PATHS = /usr/local/include/;
				LIBRARY_SEARCH_PATHS = /usr/local/lib;
				PRODUCT_NAME = "$(TARGET_NAME)";
			};
			name = Debug;
		};
		CD6812C51E082873008AA1FB /* Release */ = {
			isa = XCBuildConfiguration;
			buildSettings = {
				ALWAYS_SEARCH_USER_PATHS = NO;
				CLANG_CXX_LANGUAGE_STANDARD = "c++14";
				CLANG_CXX_LIBRARY = "libc++";
				HEADER_SEARCH_PATHS = /usr/local/include/;
				LIBRARY_SEARCH_PATHS = /usr/local/lib;
				PRODUCT_NAME = "$(TARGET_NAME)";
			};
			name = Release;
		};
/* End XCBuildConfiguration section */

/* Begin XCConfigurationList section */
		CD6812B71E082873008AA1FB /* Build configuration list for PBXProject "primer" */ = {
			isa = XCConfigurationList;
			buildConfigurations = (
				CD6812C11E082873008AA1FB /* Debug */,
				CD6812C21E082873008AA1FB /* Release */,
			);
			defaultConfigurationIsVisible = 0;
			defaultConfigurationName = Release;
		};
		CD6812C31E082873008AA1FB /* Build configuration list for PBXNativeTarget "primer" */ = {
			isa = XCConfigurationList;
			buildConfigurations = (
				CD6812C41E082873008AA1FB /* Debug */,
				CD6812C51E082873008AA1FB /* Release */,
			);
			defaultConfigurationIsVisible = 0;
			defaultConfigurationName = Release;
		};
/* End XCConfigurationList section */
	};
	rootObject = CD6812B41E082873008AA1FB /* Project object */;
}
